// !$*UTF8*$!
{
	archiveVersion = 1;
	classes = {
	};
	objectVersion = 48;
	objects = {

/* Begin PBXBuildFile section */
		8D6E92063C57CCEAB9242E73 /* libPods-GoThere.a in Frameworks */ = {isa = PBXBuildFile; fileRef = BB9B80A2394B962928342555 /* libPods-GoThere.a */; };
		EA08F47F1FE07303009B1236 /* LogInViewController.swift in Sources */ = {isa = PBXBuildFile; fileRef = EA08F47E1FE07303009B1236 /* LogInViewController.swift */; };
		EA08F4811FE0779F009B1236 /* SignUpViewController.swift in Sources */ = {isa = PBXBuildFile; fileRef = EA08F4801FE0779F009B1236 /* SignUpViewController.swift */; };
		EA08F4831FE0991B009B1236 /* ExploreViewController.swift in Sources */ = {isa = PBXBuildFile; fileRef = EA08F4821FE0991B009B1236 /* ExploreViewController.swift */; };
		EA9EFAD71FDE1BD100CC9A76 /* AppDelegate.swift in Sources */ = {isa = PBXBuildFile; fileRef = EA9EFAD61FDE1BD100CC9A76 /* AppDelegate.swift */; };
		EA9EFAD91FDE1BD100CC9A76 /* ViewController.swift in Sources */ = {isa = PBXBuildFile; fileRef = EA9EFAD81FDE1BD100CC9A76 /* ViewController.swift */; };
		EA9EFADC1FDE1BD100CC9A76 /* Main.storyboard in Resources */ = {isa = PBXBuildFile; fileRef = EA9EFADA1FDE1BD100CC9A76 /* Main.storyboard */; };
		EA9EFADE1FDE1BD100CC9A76 /* Assets.xcassets in Resources */ = {isa = PBXBuildFile; fileRef = EA9EFADD1FDE1BD100CC9A76 /* Assets.xcassets */; };
		EA9EFAE11FDE1BD100CC9A76 /* LaunchScreen.storyboard in Resources */ = {isa = PBXBuildFile; fileRef = EA9EFADF1FDE1BD100CC9A76 /* LaunchScreen.storyboard */; };
		EACC26971FE125AB009CA793 /* images.jpeg in Resources */ = {isa = PBXBuildFile; fileRef = EACC26961FE125AB009CA793 /* images.jpeg */; };
		EACC26991FE12707009CA793 /* Backend.swift in Sources */ = {isa = PBXBuildFile; fileRef = EACC26981FE12707009CA793 /* Backend.swift */; };
		EACC269D1FE12A53009CA793 /* harbor.jpeg in Resources */ = {isa = PBXBuildFile; fileRef = EACC269A1FE12A53009CA793 /* harbor.jpeg */; };
		EACC269E1FE12A53009CA793 /* charlesriver.jpeg in Resources */ = {isa = PBXBuildFile; fileRef = EACC269B1FE12A53009CA793 /* charlesriver.jpeg */; };
		EACC269F1FE12A53009CA793 /* bostoncommon.jpeg in Resources */ = {isa = PBXBuildFile; fileRef = EACC269C1FE12A53009CA793 /* bostoncommon.jpeg */; };
/* End PBXBuildFile section */

/* Begin PBXFileReference section */
		3C29CAFFE8661A343D2163A0 /* Pods-GoThere.release.xcconfig */ = {isa = PBXFileReference; includeInIndex = 1; lastKnownFileType = text.xcconfig; name = "Pods-GoThere.release.xcconfig"; path = "Pods/Target Support Files/Pods-GoThere/Pods-GoThere.release.xcconfig"; sourceTree = "<group>"; };
		BB9B80A2394B962928342555 /* libPods-GoThere.a */ = {isa = PBXFileReference; explicitFileType = archive.ar; includeInIndex = 0; path = "libPods-GoThere.a"; sourceTree = BUILT_PRODUCTS_DIR; };
		E2599423A77EEF5897FC10DB /* Pods-GoThere.debug.xcconfig */ = {isa = PBXFileReference; includeInIndex = 1; lastKnownFileType = text.xcconfig; name = "Pods-GoThere.debug.xcconfig"; path = "Pods/Target Support Files/Pods-GoThere/Pods-GoThere.debug.xcconfig"; sourceTree = "<group>"; };
		EA08F47E1FE07303009B1236 /* LogInViewController.swift */ = {isa = PBXFileReference; lastKnownFileType = sourcecode.swift; path = LogInViewController.swift; sourceTree = "<group>"; };
		EA08F4801FE0779F009B1236 /* SignUpViewController.swift */ = {isa = PBXFileReference; lastKnownFileType = sourcecode.swift; path = SignUpViewController.swift; sourceTree = "<group>"; };
		EA08F4821FE0991B009B1236 /* ExploreViewController.swift */ = {isa = PBXFileReference; lastKnownFileType = sourcecode.swift; path = ExploreViewController.swift; sourceTree = "<group>"; };
		EA9EFAD31FDE1BD100CC9A76 /* GoThere.app */ = {isa = PBXFileReference; explicitFileType = wrapper.application; includeInIndex = 0; path = GoThere.app; sourceTree = BUILT_PRODUCTS_DIR; };
		EA9EFAD61FDE1BD100CC9A76 /* AppDelegate.swift */ = {isa = PBXFileReference; lastKnownFileType = sourcecode.swift; path = AppDelegate.swift; sourceTree = "<group>"; };
		EA9EFAD81FDE1BD100CC9A76 /* ViewController.swift */ = {isa = PBXFileReference; lastKnownFileType = sourcecode.swift; path = ViewController.swift; sourceTree = "<group>"; };
		EA9EFADB1FDE1BD100CC9A76 /* Base */ = {isa = PBXFileReference; lastKnownFileType = file.storyboard; name = Base; path = Base.lproj/Main.storyboard; sourceTree = "<group>"; };
		EA9EFADD1FDE1BD100CC9A76 /* Assets.xcassets */ = {isa = PBXFileReference; lastKnownFileType = folder.assetcatalog; path = Assets.xcassets; sourceTree = "<group>"; };
		EA9EFAE01FDE1BD100CC9A76 /* Base */ = {isa = PBXFileReference; lastKnownFileType = file.storyboard; name = Base; path = Base.lproj/LaunchScreen.storyboard; sourceTree = "<group>"; };
		EA9EFAE21FDE1BD100CC9A76 /* Info.plist */ = {isa = PBXFileReference; lastKnownFileType = text.plist.xml; path = Info.plist; sourceTree = "<group>"; };
		EACC26961FE125AB009CA793 /* images.jpeg */ = {isa = PBXFileReference; lastKnownFileType = image.jpeg; path = images.jpeg; sourceTree = "<group>"; };
		EACC26981FE12707009CA793 /* Backend.swift */ = {isa = PBXFileReference; lastKnownFileType = sourcecode.swift; path = Backend.swift; sourceTree = "<group>"; };
		EACC269A1FE12A53009CA793 /* harbor.jpeg */ = {isa = PBXFileReference; lastKnownFileType = image.jpeg; name = harbor.jpeg; path = recommendations/harbor.jpeg; sourceTree = "<group>"; };
		EACC269B1FE12A53009CA793 /* charlesriver.jpeg */ = {isa = PBXFileReference; lastKnownFileType = image.jpeg; name = charlesriver.jpeg; path = recommendations/charlesriver.jpeg; sourceTree = "<group>"; };
		EACC269C1FE12A53009CA793 /* bostoncommon.jpeg */ = {isa = PBXFileReference; lastKnownFileType = image.jpeg; name = bostoncommon.jpeg; path = recommendations/bostoncommon.jpeg; sourceTree = "<group>"; };
/* End PBXFileReference section */

/* Begin PBXFrameworksBuildPhase section */
		EA9EFAD01FDE1BD100CC9A76 /* Frameworks */ = {
			isa = PBXFrameworksBuildPhase;
			buildActionMask = 2147483647;
			files = (
				8D6E92063C57CCEAB9242E73 /* libPods-GoThere.a in Frameworks */,
			);
			runOnlyForDeploymentPostprocessing = 0;
		};
/* End PBXFrameworksBuildPhase section */

/* Begin PBXGroup section */
		CF1D9CC7C27E6F4305AB1CFE /* Frameworks */ = {
			isa = PBXGroup;
			children = (
				BB9B80A2394B962928342555 /* libPods-GoThere.a */,
			);
			name = Frameworks;
			sourceTree = "<group>";
		};
		EA9EFACA1FDE1BD100CC9A76 = {
			isa = PBXGroup;
			children = (
				EA9EFAD51FDE1BD100CC9A76 /* GoThere */,
				EA9EFAD41FDE1BD100CC9A76 /* Products */,
				F831462F840C37B9B2FCE542 /* Pods */,
				CF1D9CC7C27E6F4305AB1CFE /* Frameworks */,
			);
			sourceTree = "<group>";
		};
		EA9EFAD41FDE1BD100CC9A76 /* Products */ = {
			isa = PBXGroup;
			children = (
				EA9EFAD31FDE1BD100CC9A76 /* GoThere.app */,
			);
			name = Products;
			sourceTree = "<group>";
		};
		EA9EFAD51FDE1BD100CC9A76 /* GoThere */ = {
			isa = PBXGroup;
			children = (
				EACC269C1FE12A53009CA793 /* bostoncommon.jpeg */,
				EACC269B1FE12A53009CA793 /* charlesriver.jpeg */,
				EACC269A1FE12A53009CA793 /* harbor.jpeg */,
				EACC26961FE125AB009CA793 /* images.jpeg */,
				EA9EFAD61FDE1BD100CC9A76 /* AppDelegate.swift */,
				EA9EFAD81FDE1BD100CC9A76 /* ViewController.swift */,
				EA08F47E1FE07303009B1236 /* LogInViewController.swift */,
				EA08F4801FE0779F009B1236 /* SignUpViewController.swift */,
				EA08F4821FE0991B009B1236 /* ExploreViewController.swift */,
				EACC26981FE12707009CA793 /* Backend.swift */,
				EA9EFADA1FDE1BD100CC9A76 /* Main.storyboard */,
				EA9EFADD1FDE1BD100CC9A76 /* Assets.xcassets */,
				EA9EFADF1FDE1BD100CC9A76 /* LaunchScreen.storyboard */,
				EA9EFAE21FDE1BD100CC9A76 /* Info.plist */,
			);
			path = GoThere;
			sourceTree = "<group>";
		};
		F831462F840C37B9B2FCE542 /* Pods */ = {
			isa = PBXGroup;
			children = (
				E2599423A77EEF5897FC10DB /* Pods-GoThere.debug.xcconfig */,
				3C29CAFFE8661A343D2163A0 /* Pods-GoThere.release.xcconfig */,
			);
			name = Pods;
			sourceTree = "<group>";
		};
/* End PBXGroup section */

/* Begin PBXNativeTarget section */
		EA9EFAD21FDE1BD100CC9A76 /* GoThere */ = {
			isa = PBXNativeTarget;
			buildConfigurationList = EA9EFAE51FDE1BD100CC9A76 /* Build configuration list for PBXNativeTarget "GoThere" */;
			buildPhases = (
				2E9C0450AC2D1BF0AA4349B6 /* [CP] Check Pods Manifest.lock */,
				EA9EFACF1FDE1BD100CC9A76 /* Sources */,
				EA9EFAD01FDE1BD100CC9A76 /* Frameworks */,
				EA9EFAD11FDE1BD100CC9A76 /* Resources */,
				0E797E6D0CC93A3156C50965 /* [CP] Embed Pods Frameworks */,
				BF4871E9179067ADEB976ACD /* [CP] Copy Pods Resources */,
			);
			buildRules = (
			);
			dependencies = (
			);
			name = GoThere;
			productName = GoThere;
			productReference = EA9EFAD31FDE1BD100CC9A76 /* GoThere.app */;
			productType = "com.apple.product-type.application";
		};
/* End PBXNativeTarget section */

/* Begin PBXProject section */
		EA9EFACB1FDE1BD100CC9A76 /* Project object */ = {
			isa = PBXProject;
			attributes = {
				LastSwiftUpdateCheck = 0910;
				LastUpgradeCheck = 0910;
				ORGANIZATIONNAME = "Zihan Zhang";
				TargetAttributes = {
					EA9EFAD21FDE1BD100CC9A76 = {
						CreatedOnToolsVersion = 9.1;
						ProvisioningStyle = Automatic;
					};
				};
			};
			buildConfigurationList = EA9EFACE1FDE1BD100CC9A76 /* Build configuration list for PBXProject "GoThere" */;
			compatibilityVersion = "Xcode 8.0";
			developmentRegion = en;
			hasScannedForEncodings = 0;
			knownRegions = (
				en,
				Base,
			);
			mainGroup = EA9EFACA1FDE1BD100CC9A76;
			productRefGroup = EA9EFAD41FDE1BD100CC9A76 /* Products */;
			projectDirPath = "";
			projectRoot = "";
			targets = (
				EA9EFAD21FDE1BD100CC9A76 /* GoThere */,
			);
		};
/* End PBXProject section */

/* Begin PBXResourcesBuildPhase section */
		EA9EFAD11FDE1BD100CC9A76 /* Resources */ = {
			isa = PBXResourcesBuildPhase;
			buildActionMask = 2147483647;
			files = (
				EA9EFAE11FDE1BD100CC9A76 /* LaunchScreen.storyboard in Resources */,
				EACC269F1FE12A53009CA793 /* bostoncommon.jpeg in Resources */,
				EACC269E1FE12A53009CA793 /* charlesriver.jpeg in Resources */,
				EACC26971FE125AB009CA793 /* images.jpeg in Resources */,
				EACC269D1FE12A53009CA793 /* harbor.jpeg in Resources */,
				EA9EFADE1FDE1BD100CC9A76 /* Assets.xcassets in Resources */,
				EA9EFADC1FDE1BD100CC9A76 /* Main.storyboard in Resources */,
			);
			runOnlyForDeploymentPostprocessing = 0;
		};
/* End PBXResourcesBuildPhase section */

/* Begin PBXShellScriptBuildPhase section */
		0E797E6D0CC93A3156C50965 /* [CP] Embed Pods Frameworks */ = {
			isa = PBXShellScriptBuildPhase;
			buildActionMask = 2147483647;
			files = (
			);
			inputPaths = (
			);
			name = "[CP] Embed Pods Frameworks";
			outputPaths = (
			);
			runOnlyForDeploymentPostprocessing = 0;
			shellPath = /bin/sh;
			shellScript = "\"${SRCROOT}/Pods/Target Support Files/Pods-GoThere/Pods-GoThere-frameworks.sh\"\n";
			showEnvVarsInLog = 0;
		};
		2E9C0450AC2D1BF0AA4349B6 /* [CP] Check Pods Manifest.lock */ = {
			isa = PBXShellScriptBuildPhase;
			buildActionMask = 2147483647;
			files = (
			);
			inputPaths = (
				"${PODS_PODFILE_DIR_PATH}/Podfile.lock",
				"${PODS_ROOT}/Manifest.lock",
			);
			name = "[CP] Check Pods Manifest.lock";
			outputPaths = (
				"$(DERIVED_FILE_DIR)/Pods-GoThere-checkManifestLockResult.txt",
			);
			runOnlyForDeploymentPostprocessing = 0;
			shellPath = /bin/sh;
			shellScript = "diff \"${PODS_PODFILE_DIR_PATH}/Podfile.lock\" \"${PODS_ROOT}/Manifest.lock\" > /dev/null\nif [ $? != 0 ] ; then\n    # print error to STDERR\n    echo \"error: The sandbox is not in sync with the Podfile.lock. Run 'pod install' or update your CocoaPods installation.\" >&2\n    exit 1\nfi\n# This output is used by Xcode 'outputs' to avoid re-running this script phase.\necho \"SUCCESS\" > \"${SCRIPT_OUTPUT_FILE_0}\"\n";
			showEnvVarsInLog = 0;
		};
		BF4871E9179067ADEB976ACD /* [CP] Copy Pods Resources */ = {
			isa = PBXShellScriptBuildPhase;
			buildActionMask = 2147483647;
			files = (
			);
			inputPaths = (
				"${SRCROOT}/Pods/Target Support Files/Pods-GoThere/Pods-GoThere-resources.sh",
				"${PODS_ROOT}/GoogleMaps/Maps/Frameworks/GoogleMaps.framework/Resources/GoogleMaps.bundle",
				"${PODS_ROOT}/GooglePlaces/Frameworks/GooglePlaces.framework/Resources/GooglePlaces.bundle",
			);
			name = "[CP] Copy Pods Resources";
			outputPaths = (
				"${TARGET_BUILD_DIR}/${UNLOCALIZED_RESOURCES_FOLDER_PATH}",
			);
			runOnlyForDeploymentPostprocessing = 0;
			shellPath = /bin/sh;
			shellScript = "\"${SRCROOT}/Pods/Target Support Files/Pods-GoThere/Pods-GoThere-resources.sh\"\n";
			showEnvVarsInLog = 0;
		};
/* End PBXShellScriptBuildPhase section */

/* Begin PBXSourcesBuildPhase section */
		EA9EFACF1FDE1BD100CC9A76 /* Sources */ = {
			isa = PBXSourcesBuildPhase;
			buildActionMask = 2147483647;
			files = (
				EA9EFAD91FDE1BD100CC9A76 /* ViewController.swift in Sources */,
				EA9EFAD71FDE1BD100CC9A76 /* AppDelegate.swift in Sources */,
				EACC26991FE12707009CA793 /* Backend.swift in Sources */,
				EA08F4831FE0991B009B1236 /* ExploreViewController.swift in Sources */,
				EA08F4811FE0779F009B1236 /* SignUpViewController.swift in Sources */,
				EA08F47F1FE07303009B1236 /* LogInViewController.swift in Sources */,
			);
			runOnlyForDeploymentPostprocessing = 0;
		};
/* End PBXSourcesBuildPhase section */

/* Begin PBXVariantGroup section */
		EA9EFADA1FDE1BD100CC9A76 /* Main.storyboard */ = {
			isa = PBXVariantGroup;
			children = (
				EA9EFADB1FDE1BD100CC9A76 /* Base */,
			);
			name = Main.storyboard;
			sourceTree = "<group>";
		};
		EA9EFADF1FDE1BD100CC9A76 /* LaunchScreen.storyboard */ = {
			isa = PBXVariantGroup;
			children = (
				EA9EFAE01FDE1BD100CC9A76 /* Base */,
			);
			name = LaunchScreen.storyboard;
			sourceTree = "<group>";
		};
/* End PBXVariantGroup section */

/* Begin XCBuildConfiguration section */
		EA9EFAE31FDE1BD100CC9A76 /* Debug */ = {
			isa = XCBuildConfiguration;
			buildSettings = {
				ALWAYS_SEARCH_USER_PATHS = NO;
				CLANG_ANALYZER_NONNULL = YES;
				CLANG_ANALYZER_NUMBER_OBJECT_CONVERSION = YES_AGGRESSIVE;
				CLANG_CXX_LANGUAGE_STANDARD = "gnu++14";
				CLANG_CXX_LIBRARY = "libc++";
				CLANG_ENABLE_MODULES = YES;
				CLANG_ENABLE_OBJC_ARC = YES;
				CLANG_WARN_BLOCK_CAPTURE_AUTORELEASING = YES;
				CLANG_WARN_BOOL_CONVERSION = YES;
				CLANG_WARN_COMMA = YES;
				CLANG_WARN_CONSTANT_CONVERSION = YES;
				CLANG_WARN_DIRECT_OBJC_ISA_USAGE = YES_ERROR;
				CLANG_WARN_DOCUMENTATION_COMMENTS = YES;
				CLANG_WARN_EMPTY_BODY = YES;
				CLANG_WARN_ENUM_CONVERSION = YES;
				CLANG_WARN_INFINITE_RECURSION = YES;
				CLANG_WARN_INT_CONVERSION = YES;
				CLANG_WARN_NON_LITERAL_NULL_CONVERSION = YES;
				CLANG_WARN_OBJC_LITERAL_CONVERSION = YES;
				CLANG_WARN_OBJC_ROOT_CLASS = YES_ERROR;
				CLANG_WARN_RANGE_LOOP_ANALYSIS = YES;
				CLANG_WARN_STRICT_PROTOTYPES = YES;
				CLANG_WARN_SUSPICIOUS_MOVE = YES;
				CLANG_WARN_UNGUARDED_AVAILABILITY = YES_AGGRESSIVE;
				CLANG_WARN_UNREACHABLE_CODE = YES;
				CLANG_WARN__DUPLICATE_METHOD_MATCH = YES;
				CODE_SIGN_IDENTITY = "iPhone Developer";
				COPY_PHASE_STRIP = NO;
				DEBUG_INFORMATION_FORMAT = dwarf;
				ENABLE_STRICT_OBJC_MSGSEND = YES;
				ENABLE_TESTABILITY = YES;
				GCC_C_LANGUAGE_STANDARD = gnu11;
				GCC_DYNAMIC_NO_PIC = NO;
				GCC_NO_COMMON_BLOCKS = YES;
				GCC_OPTIMIZATION_LEVEL = 0;
				GCC_PREPROCESSOR_DEFINITIONS = (
					"DEBUG=1",
					"$(inherited)",
				);
				GCC_WARN_64_TO_32_BIT_CONVERSION = YES;
				GCC_WARN_ABOUT_RETURN_TYPE = YES_ERROR;
				GCC_WARN_UNDECLARED_SELECTOR = YES;
				GCC_WARN_UNINITIALIZED_AUTOS = YES_AGGRESSIVE;
				GCC_WARN_UNUSED_FUNCTION = YES;
				GCC_WARN_UNUSED_VARIABLE = YES;
				IPHONEOS_DEPLOYMENT_TARGET = 11.1;
				MTL_ENABLE_DEBUG_INFO = YES;
				ONLY_ACTIVE_ARCH = YES;
				SDKROOT = iphoneos;
				SWIFT_ACTIVE_COMPILATION_CONDITIONS = DEBUG;
				SWIFT_OPTIMIZATION_LEVEL = "-Onone";
			};
			name = Debug;
		};
		EA9EFAE41FDE1BD100CC9A76 /* Release */ = {
			isa = XCBuildConfiguration;
			buildSettings = {
				ALWAYS_SEARCH_USER_PATHS = NO;
				CLANG_ANALYZER_NONNULL = YES;
				CLANG_ANALYZER_NUMBER_OBJECT_CONVERSION = YES_AGGRESSIVE;
				CLANG_CXX_LANGUAGE_STANDARD = "gnu++14";
				CLANG_CXX_LIBRARY = "libc++";
				CLANG_ENABLE_MODULES = YES;
				CLANG_ENABLE_OBJC_ARC = YES;
				CLANG_WARN_BLOCK_CAPTURE_AUTORELEASING = YES;
				CLANG_WARN_BOOL_CONVERSION = YES;
				CLANG_WARN_COMMA = YES;
				CLANG_WARN_CONSTANT_CONVERSION = YES;
				CLANG_WARN_DIRECT_OBJC_ISA_USAGE = YES_ERROR;
				CLANG_WARN_DOCUMENTATION_COMMENTS = YES;
				CLANG_WARN_EMPTY_BODY = YES;
				CLANG_WARN_ENUM_CONVERSION = YES;
				CLANG_WARN_INFINITE_RECURSION = YES;
				CLANG_WARN_INT_CONVERSION = YES;
				CLANG_WARN_NON_LITERAL_NULL_CONVERSION = YES;
				CLANG_WARN_OBJC_LITERAL_CONVERSION = YES;
				CLANG_WARN_OBJC_ROOT_CLASS = YES_ERROR;
				CLANG_WARN_RANGE_LOOP_ANALYSIS = YES;
				CLANG_WARN_STRICT_PROTOTYPES = YES;
				CLANG_WARN_SUSPICIOUS_MOVE = YES;
				CLANG_WARN_UNGUARDED_AVAILABILITY = YES_AGGRESSIVE;
				CLANG_WARN_UNREACHABLE_CODE = YES;
				CLANG_WARN__DUPLICATE_METHOD_MATCH = YES;
				CODE_SIGN_IDENTITY = "iPhone Developer";
				COPY_PHASE_STRIP = NO;
				DEBUG_INFORMATION_FORMAT = "dwarf-with-dsym";
				ENABLE_NS_ASSERTIONS = NO;
				ENABLE_STRICT_OBJC_MSGSEND = YES;
				GCC_C_LANGUAGE_STANDARD = gnu11;
				GCC_NO_COMMON_BLOCKS = YES;
				GCC_WARN_64_TO_32_BIT_CONVERSION = YES;
				GCC_WARN_ABOUT_RETURN_TYPE = YES_ERROR;
				GCC_WARN_UNDECLARED_SELECTOR = YES;
				GCC_WARN_UNINITIALIZED_AUTOS = YES_AGGRESSIVE;
				GCC_WARN_UNUSED_FUNCTION = YES;
				GCC_WARN_UNUSED_VARIABLE = YES;
				IPHONEOS_DEPLOYMENT_TARGET = 11.1;
				MTL_ENABLE_DEBUG_INFO = NO;
				SDKROOT = iphoneos;
				SWIFT_OPTIMIZATION_LEVEL = "-Owholemodule";
				VALIDATE_PRODUCT = YES;
			};
			name = Release;
		};
		EA9EFAE61FDE1BD100CC9A76 /* Debug */ = {
			isa = XCBuildConfiguration;
			baseConfigurationReference = E2599423A77EEF5897FC10DB /* Pods-GoThere.debug.xcconfig */;
			buildSettings = {
				ASSETCATALOG_COMPILER_APPICON_NAME = AppIcon;
				CODE_SIGN_STYLE = Automatic;
				INFOPLIST_FILE = GoThere/Info.plist;
				LD_RUNPATH_SEARCH_PATHS = "$(inherited) @executable_path/Frameworks";
				PRODUCT_BUNDLE_IDENTIFIER = i.GoThere;
				PRODUCT_NAME = "$(TARGET_NAME)";
				SWIFT_VERSION = 4.0;
				TARGETED_DEVICE_FAMILY = "1,2";
			};
			name = Debug;
		};
		EA9EFAE71FDE1BD100CC9A76 /* Release */ = {
			isa = XCBuildConfiguration;
			baseConfigurationReference = 3C29CAFFE8661A343D2163A0 /* Pods-GoThere.release.xcconfig */;
			buildSettings = {
				ASSETCATALOG_COMPILER_APPICON_NAME = AppIcon;
				CODE_SIGN_STYLE = Automatic;
				INFOPLIST_FILE = GoThere/Info.plist;
				LD_RUNPATH_SEARCH_PATHS = "$(inherited) @executable_path/Frameworks";
				PRODUCT_BUNDLE_IDENTIFIER = i.GoThere;
				PRODUCT_NAME = "$(TARGET_NAME)";
				SWIFT_VERSION = 4.0;
				TARGETED_DEVICE_FAMILY = "1,2";
			};
			name = Release;
		};
/* End XCBuildConfiguration section */

/* Begin XCConfigurationList section */
		EA9EFACE1FDE1BD100CC9A76 /* Build configuration list for PBXProject "GoThere" */ = {
			isa = XCConfigurationList;
			buildConfigurations = (
				EA9EFAE31FDE1BD100CC9A76 /* Debug */,
				EA9EFAE41FDE1BD100CC9A76 /* Release */,
			);
			defaultConfigurationIsVisible = 0;
			defaultConfigurationName = Release;
		};
		EA9EFAE51FDE1BD100CC9A76 /* Build configuration list for PBXNativeTarget "GoThere" */ = {
			isa = XCConfigurationList;
			buildConfigurations = (
				EA9EFAE61FDE1BD100CC9A76 /* Debug */,
				EA9EFAE71FDE1BD100CC9A76 /* Release */,
			);
			defaultConfigurationIsVisible = 0;
			defaultConfigurationName = Release;
		};
/* End XCConfigurationList section */
	};
	rootObject = EA9EFACB1FDE1BD100CC9A76 /* Project object */;
}
